
Microsoft Visual Studio Solution File, Format Version 12.00
# Visual Studio Version 17
VisualStudioVersion = 17.4.33103.184
MinimumVisualStudioVersion = 10.0.40219.1
Project("{9A19103F-16F7-4668-BE54-9A1E7A4F7556}") = "ComptaClub.Tests", "src\ComptaClub.Tests\ComptaClub.Tests.csproj", "{E15CE1F8-4FCA-4700-868F-E6762F0B9F36}"
EndProject
Project("{9A19103F-16F7-4668-BE54-9A1E7A4F7556}") = "ComptaClub.Core", "src\ComptaClub.Core\ComptaClub.Core.csproj", "{7986063B-43C3-4AC3-8DBA-F7CFD1A24202}"
EndProject
Project("{2150E333-8FDC-42A3-9474-1A3956D46DE8}") = "Solution Items", "Solution Items", "{41F2E586-1081-4BFE-A57C-EE5E9EA03775}"
	ProjectSection(SolutionItems) = preProject
		.gitignore = .gitignore
		Doc\2022-11-11_14h53-releve_COMPTE_CHEQUES_1.ofx = Doc\2022-11-11_14h53-releve_COMPTE_CHEQUES_1.ofx
		azure-pipelines-docker.yml = azure-pipelines-docker.yml
		azure-pipelines.yml = azure-pipelines.yml
		Doc\BILAN TRIATHLON .xlsx = Doc\BILAN TRIATHLON .xlsx
		Doc\Compta Club.emmx = Doc\Compta Club.emmx
		Doc\ManageComptaClub.sql = Doc\ManageComptaClub.sql
		Doc\modele-document-livre-comptable.pdf = Doc\modele-document-livre-comptable.pdf
		Doc\RLV_001_76093130_40_20200131.pdf = Doc\RLV_001_76093130_40_20200131.pdf
	EndProjectSection
EndProject
Project("{9A19103F-16F7-4668-BE54-9A1E7A4F7556}") = "ComptaClub.Datas.MsSql", "src\ComptaClub.Datas.MsSql\ComptaClub.Datas.MsSql.csproj", "{8360445B-C642-402D-AAA8-4077ECF8A50F}"
EndProject
Project("{9A19103F-16F7-4668-BE54-9A1E7A4F7556}") = "ComptaClub.Import", "src\ComptaClub.Import\ComptaClub.Import.csproj", "{82D6992E-D6A9-4E2C-8F0B-E8348495E231}"
EndProject
Project("{9A19103F-16F7-4668-BE54-9A1E7A4F7556}") = "ComptaClub.Datas", "src\ComptaClub.Datas\ComptaClub.Datas.csproj", "{ED880762-988B-439F-BBCC-3D2C447B10DC}"
EndProject
Project("{2150E333-8FDC-42A3-9474-1A3956D46DE8}") = "Core", "Core", "{6656B29B-6A18-4BD6-84D7-BCDCFD297AC7}"
EndProject
Project("{2150E333-8FDC-42A3-9474-1A3956D46DE8}") = "Datas", "Datas", "{9212FCBE-8489-45B7-957F-3A6031EA4D69}"
EndProject
Project("{2150E333-8FDC-42A3-9474-1A3956D46DE8}") = "Tests", "Tests", "{2119745F-82C8-44DC-BE94-57D49B93E767}"
EndProject
Project("{9A19103F-16F7-4668-BE54-9A1E7A4F7556}") = "ComptaClub.Blazor", "src\ComptaClub.Blazor\ComptaClub.Blazor.csproj", "{912CA749-6745-42A1-85A5-AC84D346909E}"
EndProject
Global
	GlobalSection(SolutionConfigurationPlatforms) = preSolution
		Debug|Any CPU = Debug|Any CPU
		Release|Any CPU = Release|Any CPU
	EndGlobalSection
	GlobalSection(ProjectConfigurationPlatforms) = postSolution
		{E15CE1F8-4FCA-4700-868F-E6762F0B9F36}.Debug|Any CPU.ActiveCfg = Debug|Any CPU
		{E15CE1F8-4FCA-4700-868F-E6762F0B9F36}.Debug|Any CPU.Build.0 = Debug|Any CPU
		{E15CE1F8-4FCA-4700-868F-E6762F0B9F36}.Release|Any CPU.ActiveCfg = Release|Any CPU
		{E15CE1F8-4FCA-4700-868F-E6762F0B9F36}.Release|Any CPU.Build.0 = Release|Any CPU
		{7986063B-43C3-4AC3-8DBA-F7CFD1A24202}.Debug|Any CPU.ActiveCfg = Debug|Any CPU
		{7986063B-43C3-4AC3-8DBA-F7CFD1A24202}.Debug|Any CPU.Build.0 = Debug|Any CPU
		{7986063B-43C3-4AC3-8DBA-F7CFD1A24202}.Release|Any CPU.ActiveCfg = Release|Any CPU
		{7986063B-43C3-4AC3-8DBA-F7CFD1A24202}.Release|Any CPU.Build.0 = Release|Any CPU
		{8360445B-C642-402D-AAA8-4077ECF8A50F}.Debug|Any CPU.ActiveCfg = Debug|Any CPU
		{8360445B-C642-402D-AAA8-4077ECF8A50F}.Debug|Any CPU.Build.0 = Debug|Any CPU
		{8360445B-C642-402D-AAA8-4077ECF8A50F}.Release|Any CPU.ActiveCfg = Release|Any CPU
		{8360445B-C642-402D-AAA8-4077ECF8A50F}.Release|Any CPU.Build.0 = Release|Any CPU
		{82D6992E-D6A9-4E2C-8F0B-E8348495E231}.Debug|Any CPU.ActiveCfg = Debug|Any CPU
		{82D6992E-D6A9-4E2C-8F0B-E8348495E231}.Debug|Any CPU.Build.0 = Debug|Any CPU
		{82D6992E-D6A9-4E2C-8F0B-E8348495E231}.Release|Any CPU.ActiveCfg = Release|Any CPU
		{82D6992E-D6A9-4E2C-8F0B-E8348495E231}.Release|Any CPU.Build.0 = Release|Any CPU
		{ED880762-988B-439F-BBCC-3D2C447B10DC}.Debug|Any CPU.ActiveCfg = Debug|Any CPU
		{ED880762-988B-439F-BBCC-3D2C447B10DC}.Debug|Any CPU.Build.0 = Debug|Any CPU
		{ED880762-988B-439F-BBCC-3D2C447B10DC}.Release|Any CPU.ActiveCfg = Release|Any CPU
		{ED880762-988B-439F-BBCC-3D2C447B10DC}.Release|Any CPU.Build.0 = Release|Any CPU
		{912CA749-6745-42A1-85A5-AC84D346909E}.Debug|Any CPU.ActiveCfg = Debug|Any CPU
		{912CA749-6745-42A1-85A5-AC84D346909E}.Debug|Any CPU.Build.0 = Debug|Any CPU
		{912CA749-6745-42A1-85A5-AC84D346909E}.Release|Any CPU.ActiveCfg = Release|Any CPU
		{912CA749-6745-42A1-85A5-AC84D346909E}.Release|Any CPU.Build.0 = Release|Any CPU
	EndGlobalSection
	GlobalSection(SolutionProperties) = preSolution
		HideSolutionNode = FALSE
	EndGlobalSection
	GlobalSection(NestedProjects) = preSolution
		{E15CE1F8-4FCA-4700-868F-E6762F0B9F36} = {2119745F-82C8-44DC-BE94-57D49B93E767}
		{7986063B-43C3-4AC3-8DBA-F7CFD1A24202} = {6656B29B-6A18-4BD6-84D7-BCDCFD297AC7}
		{8360445B-C642-402D-AAA8-4077ECF8A50F} = {9212FCBE-8489-45B7-957F-3A6031EA4D69}
		{82D6992E-D6A9-4E2C-8F0B-E8348495E231} = {6656B29B-6A18-4BD6-84D7-BCDCFD297AC7}
		{ED880762-988B-439F-BBCC-3D2C447B10DC} = {9212FCBE-8489-45B7-957F-3A6031EA4D69}
	EndGlobalSection
	GlobalSection(ExtensibilityGlobals) = postSolution
		SolutionGuid = {DC6283DD-DD4F-4CF4-9C2F-19B6C69E4E89}
	EndGlobalSection
EndGlobal
