
Microsoft Visual Studio Solution File, Format Version 12.00
# Visual Studio Version 17
VisualStudioVersion = 17.4.33103.184
MinimumVisualStudioVersion = 10.0.40219.1
Project("{9A19103F-16F7-4668-BE54-9A1E7A4F7556}") = "ComptaClub", "src\ComptaClub\ComptaClub.csproj", "{7EC248CC-98F8-4CA9-8E86-4F9A7C80BF44}"
EndProject
Project("{9A19103F-16F7-4668-BE54-9A1E7A4F7556}") = "ComptaClub.Tests", "src\ComptaClub.Tests\ComptaClub.Tests.csproj", "{E15CE1F8-4FCA-4700-868F-E6762F0B9F36}"
EndProject
Project("{9A19103F-16F7-4668-BE54-9A1E7A4F7556}") = "ComptaClub.Core", "src\ComptaClub.Core\ComptaClub.Core.csproj", "{7986063B-43C3-4AC3-8DBA-F7CFD1A24202}"
EndProject
Global
	GlobalSection(SolutionConfigurationPlatforms) = preSolution
		Debug|Any CPU = Debug|Any CPU
		Release|Any CPU = Release|Any CPU
	EndGlobalSection
	GlobalSection(ProjectConfigurationPlatforms) = postSolution
		{7EC248CC-98F8-4CA9-8E86-4F9A7C80BF44}.Debug|Any CPU.ActiveCfg = Debug|Any CPU
		{7EC248CC-98F8-4CA9-8E86-4F9A7C80BF44}.Debug|Any CPU.Build.0 = Debug|Any CPU
		{7EC248CC-98F8-4CA9-8E86-4F9A7C80BF44}.Release|Any CPU.ActiveCfg = Release|Any CPU
		{7EC248CC-98F8-4CA9-8E86-4F9A7C80BF44}.Release|Any CPU.Build.0 = Release|Any CPU
		{E15CE1F8-4FCA-4700-868F-E6762F0B9F36}.Debug|Any CPU.ActiveCfg = Debug|Any CPU
		{E15CE1F8-4FCA-4700-868F-E6762F0B9F36}.Debug|Any CPU.Build.0 = Debug|Any CPU
		{E15CE1F8-4FCA-4700-868F-E6762F0B9F36}.Release|Any CPU.ActiveCfg = Release|Any CPU
		{E15CE1F8-4FCA-4700-868F-E6762F0B9F36}.Release|Any CPU.Build.0 = Release|Any CPU
		{7986063B-43C3-4AC3-8DBA-F7CFD1A24202}.Debug|Any CPU.ActiveCfg = Debug|Any CPU
		{7986063B-43C3-4AC3-8DBA-F7CFD1A24202}.Debug|Any CPU.Build.0 = Debug|Any CPU
		{7986063B-43C3-4AC3-8DBA-F7CFD1A24202}.Release|Any CPU.ActiveCfg = Release|Any CPU
		{7986063B-43C3-4AC3-8DBA-F7CFD1A24202}.Release|Any CPU.Build.0 = Release|Any CPU
	EndGlobalSection
	GlobalSection(SolutionProperties) = preSolution
		HideSolutionNode = FALSE
	EndGlobalSection
	GlobalSection(ExtensibilityGlobals) = postSolution
		SolutionGuid = {DC6283DD-DD4F-4CF4-9C2F-19B6C69E4E89}
	EndGlobalSection
EndGlobal
